
Microsoft Visual Studio Solution File, Format Version 12.00
# Visual Studio 14
VisualStudioVersion = 14.0.25420.1
MinimumVisualStudioVersion = 10.0.40219.1
Project("{FAE04EC0-301F-11D3-BF4B-00C04F79EFBC}") = "FinalProject", "FinalProject\FinalProject\FinalProject.csproj", "{5211B387-CBF8-475F-A136-C0F3F15BCAD8}"
EndProject
Project("{FAE04EC0-301F-11D3-BF4B-00C04F79EFBC}") = "FinalProject.Droid", "FinalProject\FinalProject.Droid\FinalProject.Droid.csproj", "{EB998E69-C796-4CA2-9739-699A4A0974AF}"
EndProject
Project("{FAE04EC0-301F-11D3-BF4B-00C04F79EFBC}") = "FinalProject.iOS", "FinalProject\FinalProject.iOS\FinalProject.iOS.csproj", "{2C83D71A-5C22-44B3-8397-DA33F15E472A}"
EndProject
Project("{FAE04EC0-301F-11D3-BF4B-00C04F79EFBC}") = "FinalProject.WinPhone", "FinalProject\FinalProject.WinPhone\FinalProject.WinPhone.csproj", "{3B0CEBB9-4C6F-494A-86F2-F288C25BF3A5}"
EndProject
Project("{FAE04EC0-301F-11D3-BF4B-00C04F79EFBC}") = "FinalProject.Windows", "FinalProject\FinalProject.Windows\FinalProject.Windows.csproj", "{80544D33-2A79-49DD-B66B-02126F9D36B7}"
EndProject
Global
	GlobalSection(SolutionConfigurationPlatforms) = preSolution
		Ad-Hoc|Any CPU = Ad-Hoc|Any CPU
		Ad-Hoc|ARM = Ad-Hoc|ARM
		Ad-Hoc|iPhone = Ad-Hoc|iPhone
		Ad-Hoc|iPhoneSimulator = Ad-Hoc|iPhoneSimulator
		Ad-Hoc|x64 = Ad-Hoc|x64
		Ad-Hoc|x86 = Ad-Hoc|x86
		AppStore|Any CPU = AppStore|Any CPU
		AppStore|ARM = AppStore|ARM
		AppStore|iPhone = AppStore|iPhone
		AppStore|iPhoneSimulator = AppStore|iPhoneSimulator
		AppStore|x64 = AppStore|x64
		AppStore|x86 = AppStore|x86
		Debug|Any CPU = Debug|Any CPU
		Debug|ARM = Debug|ARM
		Debug|iPhone = Debug|iPhone
		Debug|iPhoneSimulator = Debug|iPhoneSimulator
		Debug|x64 = Debug|x64
		Debug|x86 = Debug|x86
		Release|Any CPU = Release|Any CPU
		Release|ARM = Release|ARM
		Release|iPhone = Release|iPhone
		Release|iPhoneSimulator = Release|iPhoneSimulator
		Release|x64 = Release|x64
		Release|x86 = Release|x86
	EndGlobalSection
	GlobalSection(ProjectConfigurationPlatforms) = postSolution
		{5211B387-CBF8-475F-A136-C0F3F15BCAD8}.Ad-Hoc|Any CPU.ActiveCfg = Release|Any CPU
		{5211B387-CBF8-475F-A136-C0F3F15BCAD8}.Ad-Hoc|Any CPU.Build.0 = Release|Any CPU
		{5211B387-CBF8-475F-A136-C0F3F15BCAD8}.Ad-Hoc|ARM.ActiveCfg = Release|Any CPU
		{5211B387-CBF8-475F-A136-C0F3F15BCAD8}.Ad-Hoc|ARM.Build.0 = Release|Any CPU
		{5211B387-CBF8-475F-A136-C0F3F15BCAD8}.Ad-Hoc|iPhone.ActiveCfg = Release|Any CPU
		{5211B387-CBF8-475F-A136-C0F3F15BCAD8}.Ad-Hoc|iPhone.Build.0 = Release|Any CPU
		{5211B387-CBF8-475F-A136-C0F3F15BCAD8}.Ad-Hoc|iPhoneSimulator.ActiveCfg = Release|Any CPU
		{5211B387-CBF8-475F-A136-C0F3F15BCAD8}.Ad-Hoc|iPhoneSimulator.Build.0 = Release|Any CPU
		{5211B387-CBF8-475F-A136-C0F3F15BCAD8}.Ad-Hoc|x64.ActiveCfg = Release|Any CPU
		{5211B387-CBF8-475F-A136-C0F3F15BCAD8}.Ad-Hoc|x64.Build.0 = Release|Any CPU
		{5211B387-CBF8-475F-A136-C0F3F15BCAD8}.Ad-Hoc|x86.ActiveCfg = Release|Any CPU
		{5211B387-CBF8-475F-A136-C0F3F15BCAD8}.Ad-Hoc|x86.Build.0 = Release|Any CPU
		{5211B387-CBF8-475F-A136-C0F3F15BCAD8}.AppStore|Any CPU.ActiveCfg = Release|Any CPU
		{5211B387-CBF8-475F-A136-C0F3F15BCAD8}.AppStore|Any CPU.Build.0 = Release|Any CPU
		{5211B387-CBF8-475F-A136-C0F3F15BCAD8}.AppStore|ARM.ActiveCfg = Release|Any CPU
		{5211B387-CBF8-475F-A136-C0F3F15BCAD8}.AppStore|ARM.Build.0 = Release|Any CPU
		{5211B387-CBF8-475F-A136-C0F3F15BCAD8}.AppStore|iPhone.ActiveCfg = Release|Any CPU
		{5211B387-CBF8-475F-A136-C0F3F15BCAD8}.AppStore|iPhone.Build.0 = Release|Any CPU
		{5211B387-CBF8-475F-A136-C0F3F15BCAD8}.AppStore|iPhoneSimulator.ActiveCfg = Release|Any CPU
		{5211B387-CBF8-475F-A136-C0F3F15BCAD8}.AppStore|iPhoneSimulator.Build.0 = Release|Any CPU
		{5211B387-CBF8-475F-A136-C0F3F15BCAD8}.AppStore|x64.ActiveCfg = Release|Any CPU
		{5211B387-CBF8-475F-A136-C0F3F15BCAD8}.AppStore|x64.Build.0 = Release|Any CPU
		{5211B387-CBF8-475F-A136-C0F3F15BCAD8}.AppStore|x86.ActiveCfg = Release|Any CPU
		{5211B387-CBF8-475F-A136-C0F3F15BCAD8}.AppStore|x86.Build.0 = Release|Any CPU
		{5211B387-CBF8-475F-A136-C0F3F15BCAD8}.Debug|Any CPU.ActiveCfg = Debug|Any CPU
		{5211B387-CBF8-475F-A136-C0F3F15BCAD8}.Debug|Any CPU.Build.0 = Debug|Any CPU
		{5211B387-CBF8-475F-A136-C0F3F15BCAD8}.Debug|ARM.ActiveCfg = Debug|Any CPU
		{5211B387-CBF8-475F-A136-C0F3F15BCAD8}.Debug|ARM.Build.0 = Debug|Any CPU
		{5211B387-CBF8-475F-A136-C0F3F15BCAD8}.Debug|iPhone.ActiveCfg = Debug|Any CPU
		{5211B387-CBF8-475F-A136-C0F3F15BCAD8}.Debug|iPhone.Build.0 = Debug|Any CPU
		{5211B387-CBF8-475F-A136-C0F3F15BCAD8}.Debug|iPhoneSimulator.ActiveCfg = Debug|Any CPU
		{5211B387-CBF8-475F-A136-C0F3F15BCAD8}.Debug|iPhoneSimulator.Build.0 = Debug|Any CPU
		{5211B387-CBF8-475F-A136-C0F3F15BCAD8}.Debug|x64.ActiveCfg = Debug|Any CPU
		{5211B387-CBF8-475F-A136-C0F3F15BCAD8}.Debug|x64.Build.0 = Debug|Any CPU
		{5211B387-CBF8-475F-A136-C0F3F15BCAD8}.Debug|x86.ActiveCfg = Debug|Any CPU
		{5211B387-CBF8-475F-A136-C0F3F15BCAD8}.Debug|x86.Build.0 = Debug|Any CPU
		{5211B387-CBF8-475F-A136-C0F3F15BCAD8}.Release|Any CPU.ActiveCfg = Release|Any CPU
		{5211B387-CBF8-475F-A136-C0F3F15BCAD8}.Release|Any CPU.Build.0 = Release|Any CPU
		{5211B387-CBF8-475F-A136-C0F3F15BCAD8}.Release|ARM.ActiveCfg = Release|Any CPU
		{5211B387-CBF8-475F-A136-C0F3F15BCAD8}.Release|ARM.Build.0 = Release|Any CPU
		{5211B387-CBF8-475F-A136-C0F3F15BCAD8}.Release|iPhone.ActiveCfg = Release|Any CPU
		{5211B387-CBF8-475F-A136-C0F3F15BCAD8}.Release|iPhone.Build.0 = Release|Any CPU
		{5211B387-CBF8-475F-A136-C0F3F15BCAD8}.Release|iPhoneSimulator.ActiveCfg = Release|Any CPU
		{5211B387-CBF8-475F-A136-C0F3F15BCAD8}.Release|iPhoneSimulator.Build.0 = Release|Any CPU
		{5211B387-CBF8-475F-A136-C0F3F15BCAD8}.Release|x64.ActiveCfg = Release|Any CPU
		{5211B387-CBF8-475F-A136-C0F3F15BCAD8}.Release|x64.Build.0 = Release|Any CPU
		{5211B387-CBF8-475F-A136-C0F3F15BCAD8}.Release|x86.ActiveCfg = Release|Any CPU
		{5211B387-CBF8-475F-A136-C0F3F15BCAD8}.Release|x86.Build.0 = Release|Any CPU
		{EB998E69-C796-4CA2-9739-699A4A0974AF}.Ad-Hoc|Any CPU.ActiveCfg = Release|Any CPU
		{EB998E69-C796-4CA2-9739-699A4A0974AF}.Ad-Hoc|Any CPU.Build.0 = Release|Any CPU
		{EB998E69-C796-4CA2-9739-699A4A0974AF}.Ad-Hoc|Any CPU.Deploy.0 = Release|Any CPU
		{EB998E69-C796-4CA2-9739-699A4A0974AF}.Ad-Hoc|ARM.ActiveCfg = Release|Any CPU
		{EB998E69-C796-4CA2-9739-699A4A0974AF}.Ad-Hoc|ARM.Build.0 = Release|Any CPU
		{EB998E69-C796-4CA2-9739-699A4A0974AF}.Ad-Hoc|ARM.Deploy.0 = Release|Any CPU
		{EB998E69-C796-4CA2-9739-699A4A0974AF}.Ad-Hoc|iPhone.ActiveCfg = Release|Any CPU
		{EB998E69-C796-4CA2-9739-699A4A0974AF}.Ad-Hoc|iPhone.Build.0 = Release|Any CPU
		{EB998E69-C796-4CA2-9739-699A4A0974AF}.Ad-Hoc|iPhone.Deploy.0 = Release|Any CPU
		{EB998E69-C796-4CA2-9739-699A4A0974AF}.Ad-Hoc|iPhoneSimulator.ActiveCfg = Release|Any CPU
		{EB998E69-C796-4CA2-9739-699A4A0974AF}.Ad-Hoc|iPhoneSimulator.Build.0 = Release|Any CPU
		{EB998E69-C796-4CA2-9739-699A4A0974AF}.Ad-Hoc|iPhoneSimulator.Deploy.0 = Release|Any CPU
		{EB998E69-C796-4CA2-9739-699A4A0974AF}.Ad-Hoc|x64.ActiveCfg = Release|Any CPU
		{EB998E69-C796-4CA2-9739-699A4A0974AF}.Ad-Hoc|x64.Build.0 = Release|Any CPU
		{EB998E69-C796-4CA2-9739-699A4A0974AF}.Ad-Hoc|x64.Deploy.0 = Release|Any CPU
		{EB998E69-C796-4CA2-9739-699A4A0974AF}.Ad-Hoc|x86.ActiveCfg = Release|Any CPU
		{EB998E69-C796-4CA2-9739-699A4A0974AF}.Ad-Hoc|x86.Build.0 = Release|Any CPU
		{EB998E69-C796-4CA2-9739-699A4A0974AF}.Ad-Hoc|x86.Deploy.0 = Release|Any CPU
		{EB998E69-C796-4CA2-9739-699A4A0974AF}.AppStore|Any CPU.ActiveCfg = Release|Any CPU
		{EB998E69-C796-4CA2-9739-699A4A0974AF}.AppStore|Any CPU.Build.0 = Release|Any CPU
		{EB998E69-C796-4CA2-9739-699A4A0974AF}.AppStore|Any CPU.Deploy.0 = Release|Any CPU
		{EB998E69-C796-4CA2-9739-699A4A0974AF}.AppStore|ARM.ActiveCfg = Release|Any CPU
		{EB998E69-C796-4CA2-9739-699A4A0974AF}.AppStore|ARM.Build.0 = Release|Any CPU
		{EB998E69-C796-4CA2-9739-699A4A0974AF}.AppStore|ARM.Deploy.0 = Release|Any CPU
		{EB998E69-C796-4CA2-9739-699A4A0974AF}.AppStore|iPhone.ActiveCfg = Release|Any CPU
		{EB998E69-C796-4CA2-9739-699A4A0974AF}.AppStore|iPhone.Build.0 = Release|Any CPU
		{EB998E69-C796-4CA2-9739-699A4A0974AF}.AppStore|iPhone.Deploy.0 = Release|Any CPU
		{EB998E69-C796-4CA2-9739-699A4A0974AF}.AppStore|iPhoneSimulator.ActiveCfg = Release|Any CPU
		{EB998E69-C796-4CA2-9739-699A4A0974AF}.AppStore|iPhoneSimulator.Build.0 = Release|Any CPU
		{EB998E69-C796-4CA2-9739-699A4A0974AF}.AppStore|iPhoneSimulator.Deploy.0 = Release|Any CPU
		{EB998E69-C796-4CA2-9739-699A4A0974AF}.AppStore|x64.ActiveCfg = Release|Any CPU
		{EB998E69-C796-4CA2-9739-699A4A0974AF}.AppStore|x64.Build.0 = Release|Any CPU
		{EB998E69-C796-4CA2-9739-699A4A0974AF}.AppStore|x64.Deploy.0 = Release|Any CPU
		{EB998E69-C796-4CA2-9739-699A4A0974AF}.AppStore|x86.ActiveCfg = Release|Any CPU
		{EB998E69-C796-4CA2-9739-699A4A0974AF}.AppStore|x86.Build.0 = Release|Any CPU
		{EB998E69-C796-4CA2-9739-699A4A0974AF}.AppStore|x86.Deploy.0 = Release|Any CPU
		{EB998E69-C796-4CA2-9739-699A4A0974AF}.Debug|Any CPU.ActiveCfg = Debug|Any CPU
		{EB998E69-C796-4CA2-9739-699A4A0974AF}.Debug|Any CPU.Build.0 = Debug|Any CPU
		{EB998E69-C796-4CA2-9739-699A4A0974AF}.Debug|Any CPU.Deploy.0 = Debug|Any CPU
		{EB998E69-C796-4CA2-9739-699A4A0974AF}.Debug|ARM.ActiveCfg = Debug|Any CPU
		{EB998E69-C796-4CA2-9739-699A4A0974AF}.Debug|ARM.Build.0 = Debug|Any CPU
		{EB998E69-C796-4CA2-9739-699A4A0974AF}.Debug|ARM.Deploy.0 = Debug|Any CPU
		{EB998E69-C796-4CA2-9739-699A4A0974AF}.Debug|iPhone.ActiveCfg = Debug|Any CPU
		{EB998E69-C796-4CA2-9739-699A4A0974AF}.Debug|iPhone.Build.0 = Debug|Any CPU
		{EB998E69-C796-4CA2-9739-699A4A0974AF}.Debug|iPhone.Deploy.0 = Debug|Any CPU
		{EB998E69-C796-4CA2-9739-699A4A0974AF}.Debug|iPhoneSimulator.ActiveCfg = Debug|Any CPU
		{EB998E69-C796-4CA2-9739-699A4A0974AF}.Debug|iPhoneSimulator.Build.0 = Debug|Any CPU
		{EB998E69-C796-4CA2-9739-699A4A0974AF}.Debug|iPhoneSimulator.Deploy.0 = Debug|Any CPU
		{EB998E69-C796-4CA2-9739-699A4A0974AF}.Debug|x64.ActiveCfg = Debug|Any CPU
		{EB998E69-C796-4CA2-9739-699A4A0974AF}.Debug|x64.Build.0 = Debug|Any CPU
		{EB998E69-C796-4CA2-9739-699A4A0974AF}.Debug|x64.Deploy.0 = Debug|Any CPU
		{EB998E69-C796-4CA2-9739-699A4A0974AF}.Debug|x86.ActiveCfg = Debug|Any CPU
		{EB998E69-C796-4CA2-9739-699A4A0974AF}.Debug|x86.Build.0 = Debug|Any CPU
		{EB998E69-C796-4CA2-9739-699A4A0974AF}.Debug|x86.Deploy.0 = Debug|Any CPU
		{EB998E69-C796-4CA2-9739-699A4A0974AF}.Release|Any CPU.ActiveCfg = Release|Any CPU
		{EB998E69-C796-4CA2-9739-699A4A0974AF}.Release|Any CPU.Build.0 = Release|Any CPU
		{EB998E69-C796-4CA2-9739-699A4A0974AF}.Release|Any CPU.Deploy.0 = Release|Any CPU
		{EB998E69-C796-4CA2-9739-699A4A0974AF}.Release|ARM.ActiveCfg = Release|Any CPU
		{EB998E69-C796-4CA2-9739-699A4A0974AF}.Release|ARM.Build.0 = Release|Any CPU
		{EB998E69-C796-4CA2-9739-699A4A0974AF}.Release|ARM.Deploy.0 = Release|Any CPU
		{EB998E69-C796-4CA2-9739-699A4A0974AF}.Release|iPhone.ActiveCfg = Release|Any CPU
		{EB998E69-C796-4CA2-9739-699A4A0974AF}.Release|iPhone.Build.0 = Release|Any CPU
		{EB998E69-C796-4CA2-9739-699A4A0974AF}.Release|iPhone.Deploy.0 = Release|Any CPU
		{EB998E69-C796-4CA2-9739-699A4A0974AF}.Release|iPhoneSimulator.ActiveCfg = Release|Any CPU
		{EB998E69-C796-4CA2-9739-699A4A0974AF}.Release|iPhoneSimulator.Build.0 = Release|Any CPU
		{EB998E69-C796-4CA2-9739-699A4A0974AF}.Release|iPhoneSimulator.Deploy.0 = Release|Any CPU
		{EB998E69-C796-4CA2-9739-699A4A0974AF}.Release|x64.ActiveCfg = Release|Any CPU
		{EB998E69-C796-4CA2-9739-699A4A0974AF}.Release|x64.Build.0 = Release|Any CPU
		{EB998E69-C796-4CA2-9739-699A4A0974AF}.Release|x64.Deploy.0 = Release|Any CPU
		{EB998E69-C796-4CA2-9739-699A4A0974AF}.Release|x86.ActiveCfg = Release|Any CPU
		{EB998E69-C796-4CA2-9739-699A4A0974AF}.Release|x86.Build.0 = Release|Any CPU
		{EB998E69-C796-4CA2-9739-699A4A0974AF}.Release|x86.Deploy.0 = Release|Any CPU
		{2C83D71A-5C22-44B3-8397-DA33F15E472A}.Ad-Hoc|Any CPU.ActiveCfg = Ad-Hoc|iPhone
		{2C83D71A-5C22-44B3-8397-DA33F15E472A}.Ad-Hoc|ARM.ActiveCfg = Ad-Hoc|iPhone
		{2C83D71A-5C22-44B3-8397-DA33F15E472A}.Ad-Hoc|iPhone.ActiveCfg = Ad-Hoc|iPhone
		{2C83D71A-5C22-44B3-8397-DA33F15E472A}.Ad-Hoc|iPhone.Build.0 = Ad-Hoc|iPhone
		{2C83D71A-5C22-44B3-8397-DA33F15E472A}.Ad-Hoc|iPhoneSimulator.ActiveCfg = Ad-Hoc|iPhoneSimulator
		{2C83D71A-5C22-44B3-8397-DA33F15E472A}.Ad-Hoc|iPhoneSimulator.Build.0 = Ad-Hoc|iPhoneSimulator
		{2C83D71A-5C22-44B3-8397-DA33F15E472A}.Ad-Hoc|x64.ActiveCfg = Ad-Hoc|iPhone
		{2C83D71A-5C22-44B3-8397-DA33F15E472A}.Ad-Hoc|x86.ActiveCfg = Ad-Hoc|iPhone
		{2C83D71A-5C22-44B3-8397-DA33F15E472A}.AppStore|Any CPU.ActiveCfg = AppStore|iPhone
		{2C83D71A-5C22-44B3-8397-DA33F15E472A}.AppStore|ARM.ActiveCfg = AppStore|iPhone
		{2C83D71A-5C22-44B3-8397-DA33F15E472A}.AppStore|iPhone.ActiveCfg = AppStore|iPhone
		{2C83D71A-5C22-44B3-8397-DA33F15E472A}.AppStore|iPhone.Build.0 = AppStore|iPhone
		{2C83D71A-5C22-44B3-8397-DA33F15E472A}.AppStore|iPhoneSimulator.ActiveCfg = AppStore|iPhoneSimulator
		{2C83D71A-5C22-44B3-8397-DA33F15E472A}.AppStore|iPhoneSimulator.Build.0 = AppStore|iPhoneSimulator
		{2C83D71A-5C22-44B3-8397-DA33F15E472A}.AppStore|x64.ActiveCfg = AppStore|iPhone
		{2C83D71A-5C22-44B3-8397-DA33F15E472A}.AppStore|x86.ActiveCfg = AppStore|iPhone
		{2C83D71A-5C22-44B3-8397-DA33F15E472A}.Debug|Any CPU.ActiveCfg = Debug|iPhone
		{2C83D71A-5C22-44B3-8397-DA33F15E472A}.Debug|ARM.ActiveCfg = Debug|iPhone
		{2C83D71A-5C22-44B3-8397-DA33F15E472A}.Debug|iPhone.ActiveCfg = Debug|iPhone
		{2C83D71A-5C22-44B3-8397-DA33F15E472A}.Debug|iPhone.Build.0 = Debug|iPhone
		{2C83D71A-5C22-44B3-8397-DA33F15E472A}.Debug|iPhoneSimulator.ActiveCfg = Debug|iPhoneSimulator
		{2C83D71A-5C22-44B3-8397-DA33F15E472A}.Debug|iPhoneSimulator.Build.0 = Debug|iPhoneSimulator
		{2C83D71A-5C22-44B3-8397-DA33F15E472A}.Debug|x64.ActiveCfg = Debug|iPhone
		{2C83D71A-5C22-44B3-8397-DA33F15E472A}.Debug|x86.ActiveCfg = Debug|iPhone
		{2C83D71A-5C22-44B3-8397-DA33F15E472A}.Release|Any CPU.ActiveCfg = Release|iPhone
		{2C83D71A-5C22-44B3-8397-DA33F15E472A}.Release|ARM.ActiveCfg = Release|iPhone
		{2C83D71A-5C22-44B3-8397-DA33F15E472A}.Release|iPhone.ActiveCfg = Release|iPhone
		{2C83D71A-5C22-44B3-8397-DA33F15E472A}.Release|iPhone.Build.0 = Release|iPhone
		{2C83D71A-5C22-44B3-8397-DA33F15E472A}.Release|iPhoneSimulator.ActiveCfg = Release|iPhoneSimulator
		{2C83D71A-5C22-44B3-8397-DA33F15E472A}.Release|iPhoneSimulator.Build.0 = Release|iPhoneSimulator
		{2C83D71A-5C22-44B3-8397-DA33F15E472A}.Release|x64.ActiveCfg = Release|iPhone
		{2C83D71A-5C22-44B3-8397-DA33F15E472A}.Release|x86.ActiveCfg = Release|iPhone
		{3B0CEBB9-4C6F-494A-86F2-F288C25BF3A5}.Ad-Hoc|Any CPU.ActiveCfg = Release|Any CPU
		{3B0CEBB9-4C6F-494A-86F2-F288C25BF3A5}.Ad-Hoc|Any CPU.Build.0 = Release|Any CPU
		{3B0CEBB9-4C6F-494A-86F2-F288C25BF3A5}.Ad-Hoc|Any CPU.Deploy.0 = Release|Any CPU
		{3B0CEBB9-4C6F-494A-86F2-F288C25BF3A5}.Ad-Hoc|ARM.ActiveCfg = Release|ARM
		{3B0CEBB9-4C6F-494A-86F2-F288C25BF3A5}.Ad-Hoc|ARM.Build.0 = Release|ARM
		{3B0CEBB9-4C6F-494A-86F2-F288C25BF3A5}.Ad-Hoc|ARM.Deploy.0 = Release|ARM
		{3B0CEBB9-4C6F-494A-86F2-F288C25BF3A5}.Ad-Hoc|iPhone.ActiveCfg = Release|Any CPU
		{3B0CEBB9-4C6F-494A-86F2-F288C25BF3A5}.Ad-Hoc|iPhone.Build.0 = Release|Any CPU
		{3B0CEBB9-4C6F-494A-86F2-F288C25BF3A5}.Ad-Hoc|iPhone.Deploy.0 = Release|Any CPU
		{3B0CEBB9-4C6F-494A-86F2-F288C25BF3A5}.Ad-Hoc|iPhoneSimulator.ActiveCfg = Release|Any CPU
		{3B0CEBB9-4C6F-494A-86F2-F288C25BF3A5}.Ad-Hoc|iPhoneSimulator.Build.0 = Release|Any CPU
		{3B0CEBB9-4C6F-494A-86F2-F288C25BF3A5}.Ad-Hoc|iPhoneSimulator.Deploy.0 = Release|Any CPU
		{3B0CEBB9-4C6F-494A-86F2-F288C25BF3A5}.Ad-Hoc|x64.ActiveCfg = Release|Any CPU
		{3B0CEBB9-4C6F-494A-86F2-F288C25BF3A5}.Ad-Hoc|x64.Build.0 = Release|Any CPU
		{3B0CEBB9-4C6F-494A-86F2-F288C25BF3A5}.Ad-Hoc|x64.Deploy.0 = Release|Any CPU
		{3B0CEBB9-4C6F-494A-86F2-F288C25BF3A5}.Ad-Hoc|x86.ActiveCfg = Release|x86
		{3B0CEBB9-4C6F-494A-86F2-F288C25BF3A5}.Ad-Hoc|x86.Build.0 = Release|x86
		{3B0CEBB9-4C6F-494A-86F2-F288C25BF3A5}.Ad-Hoc|x86.Deploy.0 = Release|x86
		{3B0CEBB9-4C6F-494A-86F2-F288C25BF3A5}.AppStore|Any CPU.ActiveCfg = Release|Any CPU
		{3B0CEBB9-4C6F-494A-86F2-F288C25BF3A5}.AppStore|Any CPU.Build.0 = Release|Any CPU
		{3B0CEBB9-4C6F-494A-86F2-F288C25BF3A5}.AppStore|Any CPU.Deploy.0 = Release|Any CPU
		{3B0CEBB9-4C6F-494A-86F2-F288C25BF3A5}.AppStore|ARM.ActiveCfg = Release|ARM
		{3B0CEBB9-4C6F-494A-86F2-F288C25BF3A5}.AppStore|ARM.Build.0 = Release|ARM
		{3B0CEBB9-4C6F-494A-86F2-F288C25BF3A5}.AppStore|ARM.Deploy.0 = Release|ARM
		{3B0CEBB9-4C6F-494A-86F2-F288C25BF3A5}.AppStore|iPhone.ActiveCfg = Release|Any CPU
		{3B0CEBB9-4C6F-494A-86F2-F288C25BF3A5}.AppStore|iPhone.Build.0 = Release|Any CPU
		{3B0CEBB9-4C6F-494A-86F2-F288C25BF3A5}.AppStore|iPhone.Deploy.0 = Release|Any CPU
		{3B0CEBB9-4C6F-494A-86F2-F288C25BF3A5}.AppStore|iPhoneSimulator.ActiveCfg = Release|Any CPU
		{3B0CEBB9-4C6F-494A-86F2-F288C25BF3A5}.AppStore|iPhoneSimulator.Build.0 = Release|Any CPU
		{3B0CEBB9-4C6F-494A-86F2-F288C25BF3A5}.AppStore|iPhoneSimulator.Deploy.0 = Release|Any CPU
		{3B0CEBB9-4C6F-494A-86F2-F288C25BF3A5}.AppStore|x64.ActiveCfg = Release|Any CPU
		{3B0CEBB9-4C6F-494A-86F2-F288C25BF3A5}.AppStore|x64.Build.0 = Release|Any CPU
		{3B0CEBB9-4C6F-494A-86F2-F288C25BF3A5}.AppStore|x64.Deploy.0 = Release|Any CPU
		{3B0CEBB9-4C6F-494A-86F2-F288C25BF3A5}.AppStore|x86.ActiveCfg = Release|x86
		{3B0CEBB9-4C6F-494A-86F2-F288C25BF3A5}.AppStore|x86.Build.0 = Release|x86
		{3B0CEBB9-4C6F-494A-86F2-F288C25BF3A5}.AppStore|x86.Deploy.0 = Release|x86
		{3B0CEBB9-4C6F-494A-86F2-F288C25BF3A5}.Debug|Any CPU.ActiveCfg = Debug|Any CPU
		{3B0CEBB9-4C6F-494A-86F2-F288C25BF3A5}.Debug|Any CPU.Build.0 = Debug|Any CPU
		{3B0CEBB9-4C6F-494A-86F2-F288C25BF3A5}.Debug|Any CPU.Deploy.0 = Debug|Any CPU
		{3B0CEBB9-4C6F-494A-86F2-F288C25BF3A5}.Debug|ARM.ActiveCfg = Debug|ARM
		{3B0CEBB9-4C6F-494A-86F2-F288C25BF3A5}.Debug|ARM.Build.0 = Debug|ARM
		{3B0CEBB9-4C6F-494A-86F2-F288C25BF3A5}.Debug|ARM.Deploy.0 = Debug|ARM
		{3B0CEBB9-4C6F-494A-86F2-F288C25BF3A5}.Debug|iPhone.ActiveCfg = Debug|Any CPU
		{3B0CEBB9-4C6F-494A-86F2-F288C25BF3A5}.Debug|iPhone.Build.0 = Debug|Any CPU
		{3B0CEBB9-4C6F-494A-86F2-F288C25BF3A5}.Debug|iPhone.Deploy.0 = Debug|Any CPU
		{3B0CEBB9-4C6F-494A-86F2-F288C25BF3A5}.Debug|iPhoneSimulator.ActiveCfg = Debug|Any CPU
		{3B0CEBB9-4C6F-494A-86F2-F288C25BF3A5}.Debug|iPhoneSimulator.Build.0 = Debug|Any CPU
		{3B0CEBB9-4C6F-494A-86F2-F288C25BF3A5}.Debug|iPhoneSimulator.Deploy.0 = Debug|Any CPU
		{3B0CEBB9-4C6F-494A-86F2-F288C25BF3A5}.Debug|x64.ActiveCfg = Debug|Any CPU
		{3B0CEBB9-4C6F-494A-86F2-F288C25BF3A5}.Debug|x64.Build.0 = Debug|Any CPU
		{3B0CEBB9-4C6F-494A-86F2-F288C25BF3A5}.Debug|x64.Deploy.0 = Debug|Any CPU
		{3B0CEBB9-4C6F-494A-86F2-F288C25BF3A5}.Debug|x86.ActiveCfg = Debug|x86
		{3B0CEBB9-4C6F-494A-86F2-F288C25BF3A5}.Debug|x86.Build.0 = Debug|x86
		{3B0CEBB9-4C6F-494A-86F2-F288C25BF3A5}.Debug|x86.Deploy.0 = Debug|x86
		{3B0CEBB9-4C6F-494A-86F2-F288C25BF3A5}.Release|Any CPU.ActiveCfg = Release|Any CPU
		{3B0CEBB9-4C6F-494A-86F2-F288C25BF3A5}.Release|Any CPU.Build.0 = Release|Any CPU
		{3B0CEBB9-4C6F-494A-86F2-F288C25BF3A5}.Release|Any CPU.Deploy.0 = Release|Any CPU
		{3B0CEBB9-4C6F-494A-86F2-F288C25BF3A5}.Release|ARM.ActiveCfg = Release|ARM
		{3B0CEBB9-4C6F-494A-86F2-F288C25BF3A5}.Release|ARM.Build.0 = Release|ARM
		{3B0CEBB9-4C6F-494A-86F2-F288C25BF3A5}.Release|ARM.Deploy.0 = Release|ARM
		{3B0CEBB9-4C6F-494A-86F2-F288C25BF3A5}.Release|iPhone.ActiveCfg = Release|Any CPU
		{3B0CEBB9-4C6F-494A-86F2-F288C25BF3A5}.Release|iPhone.Build.0 = Release|Any CPU
		{3B0CEBB9-4C6F-494A-86F2-F288C25BF3A5}.Release|iPhone.Deploy.0 = Release|Any CPU
		{3B0CEBB9-4C6F-494A-86F2-F288C25BF3A5}.Release|iPhoneSimulator.ActiveCfg = Release|Any CPU
		{3B0CEBB9-4C6F-494A-86F2-F288C25BF3A5}.Release|iPhoneSimulator.Build.0 = Release|Any CPU
		{3B0CEBB9-4C6F-494A-86F2-F288C25BF3A5}.Release|iPhoneSimulator.Deploy.0 = Release|Any CPU
		{3B0CEBB9-4C6F-494A-86F2-F288C25BF3A5}.Release|x64.ActiveCfg = Release|Any CPU
		{3B0CEBB9-4C6F-494A-86F2-F288C25BF3A5}.Release|x64.Build.0 = Release|Any CPU
		{3B0CEBB9-4C6F-494A-86F2-F288C25BF3A5}.Release|x64.Deploy.0 = Release|Any CPU
		{3B0CEBB9-4C6F-494A-86F2-F288C25BF3A5}.Release|x86.ActiveCfg = Release|x86
		{3B0CEBB9-4C6F-494A-86F2-F288C25BF3A5}.Release|x86.Build.0 = Release|x86
		{3B0CEBB9-4C6F-494A-86F2-F288C25BF3A5}.Release|x86.Deploy.0 = Release|x86
		{80544D33-2A79-49DD-B66B-02126F9D36B7}.Ad-Hoc|Any CPU.ActiveCfg = Release|Any CPU
		{80544D33-2A79-49DD-B66B-02126F9D36B7}.Ad-Hoc|Any CPU.Build.0 = Release|Any CPU
		{80544D33-2A79-49DD-B66B-02126F9D36B7}.Ad-Hoc|Any CPU.Deploy.0 = Release|Any CPU
		{80544D33-2A79-49DD-B66B-02126F9D36B7}.Ad-Hoc|ARM.ActiveCfg = Release|ARM
		{80544D33-2A79-49DD-B66B-02126F9D36B7}.Ad-Hoc|ARM.Build.0 = Release|ARM
		{80544D33-2A79-49DD-B66B-02126F9D36B7}.Ad-Hoc|ARM.Deploy.0 = Release|ARM
		{80544D33-2A79-49DD-B66B-02126F9D36B7}.Ad-Hoc|iPhone.ActiveCfg = Release|Any CPU
		{80544D33-2A79-49DD-B66B-02126F9D36B7}.Ad-Hoc|iPhone.Build.0 = Release|Any CPU
		{80544D33-2A79-49DD-B66B-02126F9D36B7}.Ad-Hoc|iPhone.Deploy.0 = Release|Any CPU
		{80544D33-2A79-49DD-B66B-02126F9D36B7}.Ad-Hoc|iPhoneSimulator.ActiveCfg = Release|Any CPU
		{80544D33-2A79-49DD-B66B-02126F9D36B7}.Ad-Hoc|iPhoneSimulator.Build.0 = Release|Any CPU
		{80544D33-2A79-49DD-B66B-02126F9D36B7}.Ad-Hoc|iPhoneSimulator.Deploy.0 = Release|Any CPU
		{80544D33-2A79-49DD-B66B-02126F9D36B7}.Ad-Hoc|x64.ActiveCfg = Release|x64
		{80544D33-2A79-49DD-B66B-02126F9D36B7}.Ad-Hoc|x64.Build.0 = Release|x64
		{80544D33-2A79-49DD-B66B-02126F9D36B7}.Ad-Hoc|x64.Deploy.0 = Release|x64
		{80544D33-2A79-49DD-B66B-02126F9D36B7}.Ad-Hoc|x86.ActiveCfg = Release|x86
		{80544D33-2A79-49DD-B66B-02126F9D36B7}.Ad-Hoc|x86.Build.0 = Release|x86
		{80544D33-2A79-49DD-B66B-02126F9D36B7}.Ad-Hoc|x86.Deploy.0 = Release|x86
		{80544D33-2A79-49DD-B66B-02126F9D36B7}.AppStore|Any CPU.ActiveCfg = Release|Any CPU
		{80544D33-2A79-49DD-B66B-02126F9D36B7}.AppStore|Any CPU.Build.0 = Release|Any CPU
		{80544D33-2A79-49DD-B66B-02126F9D36B7}.AppStore|Any CPU.Deploy.0 = Release|Any CPU
		{80544D33-2A79-49DD-B66B-02126F9D36B7}.AppStore|ARM.ActiveCfg = Release|ARM
		{80544D33-2A79-49DD-B66B-02126F9D36B7}.AppStore|ARM.Build.0 = Release|ARM
		{80544D33-2A79-49DD-B66B-02126F9D36B7}.AppStore|ARM.Deploy.0 = Release|ARM
		{80544D33-2A79-49DD-B66B-02126F9D36B7}.AppStore|iPhone.ActiveCfg = Release|Any CPU
		{80544D33-2A79-49DD-B66B-02126F9D36B7}.AppStore|iPhone.Build.0 = Release|Any CPU
		{80544D33-2A79-49DD-B66B-02126F9D36B7}.AppStore|iPhone.Deploy.0 = Release|Any CPU
		{80544D33-2A79-49DD-B66B-02126F9D36B7}.AppStore|iPhoneSimulator.ActiveCfg = Release|Any CPU
		{80544D33-2A79-49DD-B66B-02126F9D36B7}.AppStore|iPhoneSimulator.Build.0 = Release|Any CPU
		{80544D33-2A79-49DD-B66B-02126F9D36B7}.AppStore|iPhoneSimulator.Deploy.0 = Release|Any CPU
		{80544D33-2A79-49DD-B66B-02126F9D36B7}.AppStore|x64.ActiveCfg = Release|x64
		{80544D33-2A79-49DD-B66B-02126F9D36B7}.AppStore|x64.Build.0 = Release|x64
		{80544D33-2A79-49DD-B66B-02126F9D36B7}.AppStore|x64.Deploy.0 = Release|x64
		{80544D33-2A79-49DD-B66B-02126F9D36B7}.AppStore|x86.ActiveCfg = Release|x86
		{80544D33-2A79-49DD-B66B-02126F9D36B7}.AppStore|x86.Build.0 = Release|x86
		{80544D33-2A79-49DD-B66B-02126F9D36B7}.AppStore|x86.Deploy.0 = Release|x86
		{80544D33-2A79-49DD-B66B-02126F9D36B7}.Debug|Any CPU.ActiveCfg = Debug|Any CPU
		{80544D33-2A79-49DD-B66B-02126F9D36B7}.Debug|Any CPU.Build.0 = Debug|Any CPU
		{80544D33-2A79-49DD-B66B-02126F9D36B7}.Debug|Any CPU.Deploy.0 = Debug|Any CPU
		{80544D33-2A79-49DD-B66B-02126F9D36B7}.Debug|ARM.ActiveCfg = Debug|ARM
		{80544D33-2A79-49DD-B66B-02126F9D36B7}.Debug|ARM.Build.0 = Debug|ARM
		{80544D33-2A79-49DD-B66B-02126F9D36B7}.Debug|ARM.Deploy.0 = Debug|ARM
		{80544D33-2A79-49DD-B66B-02126F9D36B7}.Debug|iPhone.ActiveCfg = Debug|Any CPU
		{80544D33-2A79-49DD-B66B-02126F9D36B7}.Debug|iPhone.Build.0 = Debug|Any CPU
		{80544D33-2A79-49DD-B66B-02126F9D36B7}.Debug|iPhone.Deploy.0 = Debug|Any CPU
		{80544D33-2A79-49DD-B66B-02126F9D36B7}.Debug|iPhoneSimulator.ActiveCfg = Debug|Any CPU
		{80544D33-2A79-49DD-B66B-02126F9D36B7}.Debug|iPhoneSimulator.Build.0 = Debug|Any CPU
		{80544D33-2A79-49DD-B66B-02126F9D36B7}.Debug|iPhoneSimulator.Deploy.0 = Debug|Any CPU
		{80544D33-2A79-49DD-B66B-02126F9D36B7}.Debug|x64.ActiveCfg = Debug|x64
		{80544D33-2A79-49DD-B66B-02126F9D36B7}.Debug|x64.Build.0 = Debug|x64
		{80544D33-2A79-49DD-B66B-02126F9D36B7}.Debug|x64.Deploy.0 = Debug|x64
		{80544D33-2A79-49DD-B66B-02126F9D36B7}.Debug|x86.ActiveCfg = Debug|x86
		{80544D33-2A79-49DD-B66B-02126F9D36B7}.Debug|x86.Build.0 = Debug|x86
		{80544D33-2A79-49DD-B66B-02126F9D36B7}.Debug|x86.Deploy.0 = Debug|x86
		{80544D33-2A79-49DD-B66B-02126F9D36B7}.Release|Any CPU.ActiveCfg = Release|Any CPU
		{80544D33-2A79-49DD-B66B-02126F9D36B7}.Release|Any CPU.Build.0 = Release|Any CPU
		{80544D33-2A79-49DD-B66B-02126F9D36B7}.Release|Any CPU.Deploy.0 = Release|Any CPU
		{80544D33-2A79-49DD-B66B-02126F9D36B7}.Release|ARM.ActiveCfg = Release|ARM
		{80544D33-2A79-49DD-B66B-02126F9D36B7}.Release|ARM.Build.0 = Release|ARM
		{80544D33-2A79-49DD-B66B-02126F9D36B7}.Release|ARM.Deploy.0 = Release|ARM
		{80544D33-2A79-49DD-B66B-02126F9D36B7}.Release|iPhone.ActiveCfg = Release|Any CPU
		{80544D33-2A79-49DD-B66B-02126F9D36B7}.Release|iPhone.Build.0 = Release|Any CPU
		{80544D33-2A79-49DD-B66B-02126F9D36B7}.Release|iPhone.Deploy.0 = Release|Any CPU
		{80544D33-2A79-49DD-B66B-02126F9D36B7}.Release|iPhoneSimulator.ActiveCfg = Release|Any CPU
		{80544D33-2A79-49DD-B66B-02126F9D36B7}.Release|iPhoneSimulator.Build.0 = Release|Any CPU
		{80544D33-2A79-49DD-B66B-02126F9D36B7}.Release|iPhoneSimulator.Deploy.0 = Release|Any CPU
		{80544D33-2A79-49DD-B66B-02126F9D36B7}.Release|x64.ActiveCfg = Release|x64
		{80544D33-2A79-49DD-B66B-02126F9D36B7}.Release|x64.Build.0 = Release|x64
		{80544D33-2A79-49DD-B66B-02126F9D36B7}.Release|x64.Deploy.0 = Release|x64
		{80544D33-2A79-49DD-B66B-02126F9D36B7}.Release|x86.ActiveCfg = Release|x86
		{80544D33-2A79-49DD-B66B-02126F9D36B7}.Release|x86.Build.0 = Release|x86
		{80544D33-2A79-49DD-B66B-02126F9D36B7}.Release|x86.Deploy.0 = Release|x86
	EndGlobalSection
	GlobalSection(SolutionProperties) = preSolution
		HideSolutionNode = FALSE
	EndGlobalSection
EndGlobal
